// !$*UTF8*$!
{
	archiveVersion = 1;
	classes = {
	};
	objectVersion = 46;
	objects = {

/* Begin PBXBuildFile section */
		1A25D45D1EA27636002431F2 /* CocoaAsyncSocket.framework in Frameworks */ = {isa = PBXBuildFile; fileRef = 1A7E8C4A1CBFFE3F00EFE574 /* CocoaAsyncSocket.framework */; };
		1A7E8C391CBFFC7400EFE574 /* AppDelegate.swift in Sources */ = {isa = PBXBuildFile; fileRef = 1A7E8C381CBFFC7400EFE574 /* AppDelegate.swift */; };
		1A7E8C3E1CBFFC7400EFE574 /* Main.storyboard in Resources */ = {isa = PBXBuildFile; fileRef = 1A7E8C3C1CBFFC7400EFE574 /* Main.storyboard */; };
		1A7E8C401CBFFC7400EFE574 /* Assets.xcassets in Resources */ = {isa = PBXBuildFile; fileRef = 1A7E8C3F1CBFFC7400EFE574 /* Assets.xcassets */; };
		1A7E8C431CBFFC7400EFE574 /* LaunchScreen.storyboard in Resources */ = {isa = PBXBuildFile; fileRef = 1A7E8C411CBFFC7400EFE574 /* LaunchScreen.storyboard */; };
		1A7E8C541CBFFF9A00EFE574 /* CameraViewController.swift in Sources */ = {isa = PBXBuildFile; fileRef = 1A7E8C531CBFFF9A00EFE574 /* CameraViewController.swift */; };
		1A7E8C561CC0005800EFE574 /* StreamingSession.swift in Sources */ = {isa = PBXBuildFile; fileRef = 1A7E8C551CC0005800EFE574 /* StreamingSession.swift */; };
		1A7E8C5B1CC0009500EFE574 /* Queue.swift in Sources */ = {isa = PBXBuildFile; fileRef = 1A7E8C571CC0009500EFE574 /* Queue.swift */; };
		93DE98311FDEB62A0048600F /* IPChecker.m in Sources */ = {isa = PBXBuildFile; fileRef = 93DE98301FDEB62A0048600F /* IPChecker.m */; };
/* End PBXBuildFile section */

/* Begin PBXFileReference section */
		1A7E8C351CBFFC7400EFE574 /* StreamIt.app */ = {isa = PBXFileReference; explicitFileType = wrapper.application; includeInIndex = 0; path = StreamIt.app; sourceTree = BUILT_PRODUCTS_DIR; };
		1A7E8C381CBFFC7400EFE574 /* AppDelegate.swift */ = {isa = PBXFileReference; lastKnownFileType = sourcecode.swift; path = AppDelegate.swift; sourceTree = "<group>"; };
		1A7E8C3D1CBFFC7400EFE574 /* Base */ = {isa = PBXFileReference; lastKnownFileType = file.storyboard; name = Base; path = Base.lproj/Main.storyboard; sourceTree = "<group>"; };
		1A7E8C3F1CBFFC7400EFE574 /* Assets.xcassets */ = {isa = PBXFileReference; lastKnownFileType = folder.assetcatalog; path = Assets.xcassets; sourceTree = "<group>"; };
		1A7E8C421CBFFC7400EFE574 /* Base */ = {isa = PBXFileReference; lastKnownFileType = file.storyboard; name = Base; path = Base.lproj/LaunchScreen.storyboard; sourceTree = "<group>"; };
		1A7E8C441CBFFC7400EFE574 /* Info.plist */ = {isa = PBXFileReference; lastKnownFileType = text.plist.xml; path = Info.plist; sourceTree = "<group>"; };
		1A7E8C4A1CBFFE3F00EFE574 /* CocoaAsyncSocket.framework */ = {isa = PBXFileReference; lastKnownFileType = wrapper.framework; name = CocoaAsyncSocket.framework; path = Carthage/Build/iOS/CocoaAsyncSocket.framework; sourceTree = "<group>"; };
		1A7E8C4E1CBFFEE900EFE574 /* StreamIt-Bridging-Header.h */ = {isa = PBXFileReference; lastKnownFileType = sourcecode.c.h; path = "StreamIt-Bridging-Header.h"; sourceTree = "<group>"; };
		1A7E8C531CBFFF9A00EFE574 /* CameraViewController.swift */ = {isa = PBXFileReference; fileEncoding = 4; lastKnownFileType = sourcecode.swift; path = CameraViewController.swift; sourceTree = "<group>"; };
		1A7E8C551CC0005800EFE574 /* StreamingSession.swift */ = {isa = PBXFileReference; fileEncoding = 4; lastKnownFileType = sourcecode.swift; path = StreamingSession.swift; sourceTree = "<group>"; };
		1A7E8C571CC0009500EFE574 /* Queue.swift */ = {isa = PBXFileReference; fileEncoding = 4; lastKnownFileType = sourcecode.swift; path = Queue.swift; sourceTree = "<group>"; };
		93DE982F1FDEB62A0048600F /* IPChecker.h */ = {isa = PBXFileReference; fileEncoding = 4; lastKnownFileType = sourcecode.c.h; path = IPChecker.h; sourceTree = "<group>"; };
		93DE98301FDEB62A0048600F /* IPChecker.m */ = {isa = PBXFileReference; fileEncoding = 4; lastKnownFileType = sourcecode.c.objc; path = IPChecker.m; sourceTree = "<group>"; };
/* End PBXFileReference section */

/* Begin PBXFrameworksBuildPhase section */
		1A7E8C321CBFFC7400EFE574 /* Frameworks */ = {
			isa = PBXFrameworksBuildPhase;
			buildActionMask = 2147483647;
			files = (
				1A25D45D1EA27636002431F2 /* CocoaAsyncSocket.framework in Frameworks */,
			);
			runOnlyForDeploymentPostprocessing = 0;
		};
/* End PBXFrameworksBuildPhase section */

/* Begin PBXGroup section */
		1A7E8C2C1CBFFC7400EFE574 = {
			isa = PBXGroup;
			children = (
				1A7E8C4A1CBFFE3F00EFE574 /* CocoaAsyncSocket.framework */,
				1A7E8C371CBFFC7400EFE574 /* StreamIt */,
				1A7E8C361CBFFC7400EFE574 /* Products */,
			);
			sourceTree = "<group>";
		};
		1A7E8C361CBFFC7400EFE574 /* Products */ = {
			isa = PBXGroup;
			children = (
				1A7E8C351CBFFC7400EFE574 /* StreamIt.app */,
			);
			name = Products;
			sourceTree = "<group>";
		};
		1A7E8C371CBFFC7400EFE574 /* StreamIt */ = {
			isa = PBXGroup;
			children = (
				1A7E8C381CBFFC7400EFE574 /* AppDelegate.swift */,
				1A7E8C531CBFFF9A00EFE574 /* CameraViewController.swift */,
				1A7E8C551CC0005800EFE574 /* StreamingSession.swift */,
				1A7E8C571CC0009500EFE574 /* Queue.swift */,
				1A7E8C3C1CBFFC7400EFE574 /* Main.storyboard */,
				1A7E8C3F1CBFFC7400EFE574 /* Assets.xcassets */,
				1A7E8C411CBFFC7400EFE574 /* LaunchScreen.storyboard */,
				1A7E8C441CBFFC7400EFE574 /* Info.plist */,
				93DE982E1FDEB62A0048600F /* IPChecker */,
				1A7E8C4E1CBFFEE900EFE574 /* StreamIt-Bridging-Header.h */,
			);
			path = StreamIt;
			sourceTree = "<group>";
		};
		93DE982E1FDEB62A0048600F /* IPChecker */ = {
			isa = PBXGroup;
			children = (
				93DE982F1FDEB62A0048600F /* IPChecker.h */,
				93DE98301FDEB62A0048600F /* IPChecker.m */,
			);
			path = IPChecker;
			sourceTree = "<group>";
		};
/* End PBXGroup section */

/* Begin PBXNativeTarget section */
		1A7E8C341CBFFC7400EFE574 /* StreamIt */ = {
			isa = PBXNativeTarget;
			buildConfigurationList = 1A7E8C471CBFFC7400EFE574 /* Build configuration list for PBXNativeTarget "StreamIt" */;
			buildPhases = (
				1A7E8C311CBFFC7400EFE574 /* Sources */,
				1A7E8C321CBFFC7400EFE574 /* Frameworks */,
				1A7E8C331CBFFC7400EFE574 /* Resources */,
				1A7E8C4C1CBFFE5400EFE574 /* ShellScript */,
			);
			buildRules = (
			);
			dependencies = (
			);
			name = StreamIt;
			productName = StreamIt;
			productReference = 1A7E8C351CBFFC7400EFE574 /* StreamIt.app */;
			productType = "com.apple.product-type.application";
		};
/* End PBXNativeTarget section */

/* Begin PBXProject section */
		1A7E8C2D1CBFFC7400EFE574 /* Project object */ = {
			isa = PBXProject;
			attributes = {
				LastSwiftUpdateCheck = 0730;
				LastUpgradeCheck = 0920;
				ORGANIZATIONNAME = "Thibault Wittemberg";
				TargetAttributes = {
					1A7E8C341CBFFC7400EFE574 = {
						CreatedOnToolsVersion = 7.3;
						DevelopmentTeam = 3V5265LQM9;
						LastSwiftMigration = 0920;
					};
				};
			};
			buildConfigurationList = 1A7E8C301CBFFC7400EFE574 /* Build configuration list for PBXProject "StreamIt" */;
			compatibilityVersion = "Xcode 3.2";
			developmentRegion = English;
			hasScannedForEncodings = 0;
			knownRegions = (
				en,
				Base,
			);
			mainGroup = 1A7E8C2C1CBFFC7400EFE574;
			productRefGroup = 1A7E8C361CBFFC7400EFE574 /* Products */;
			projectDirPath = "";
			projectRoot = "";
			targets = (
				1A7E8C341CBFFC7400EFE574 /* StreamIt */,
			);
		};
/* End PBXProject section */

/* Begin PBXResourcesBuildPhase section */
		1A7E8C331CBFFC7400EFE574 /* Resources */ = {
			isa = PBXResourcesBuildPhase;
			buildActionMask = 2147483647;
			files = (
				1A7E8C431CBFFC7400EFE574 /* LaunchScreen.storyboard in Resources */,
				1A7E8C401CBFFC7400EFE574 /* Assets.xcassets in Resources */,
				1A7E8C3E1CBFFC7400EFE574 /* Main.storyboard in Resources */,
			);
			runOnlyForDeploymentPostprocessing = 0;
		};
/* End PBXResourcesBuildPhase section */

/* Begin PBXShellScriptBuildPhase section */
		1A7E8C4C1CBFFE5400EFE574 /* ShellScript */ = {
			isa = PBXShellScriptBuildPhase;
			buildActionMask = 2147483647;
			files = (
			);
			inputPaths = (
				"$(SRCROOT)/Carthage/Build/iOS/CocoaAsyncSocket.framework",
			);
			outputPaths = (
			);
			runOnlyForDeploymentPostprocessing = 0;
			shellPath = /bin/sh;
			shellScript = "/usr/local/bin/carthage copy-frameworks";
		};
/* End PBXShellScriptBuildPhase section */

/* Begin PBXSourcesBuildPhase section */
		1A7E8C311CBFFC7400EFE574 /* Sources */ = {
			isa = PBXSourcesBuildPhase;
			buildActionMask = 2147483647;
			files = (
				1A7E8C5B1CC0009500EFE574 /* Queue.swift in Sources */,
				93DE98311FDEB62A0048600F /* IPChecker.m in Sources */,
				1A7E8C391CBFFC7400EFE574 /* AppDelegate.swift in Sources */,
				1A7E8C541CBFFF9A00EFE574 /* CameraViewController.swift in Sources */,
				1A7E8C561CC0005800EFE574 /* StreamingSession.swift in Sources */,
			);
			runOnlyForDeploymentPostprocessing = 0;
		};
/* End PBXSourcesBuildPhase section */

/* Begin PBXVariantGroup section */
		1A7E8C3C1CBFFC7400EFE574 /* Main.storyboard */ = {
			isa = PBXVariantGroup;
			children = (
				1A7E8C3D1CBFFC7400EFE574 /* Base */,
			);
			name = Main.storyboard;
			sourceTree = "<group>";
		};
		1A7E8C411CBFFC7400EFE574 /* LaunchScreen.storyboard */ = {
			isa = PBXVariantGroup;
			children = (
				1A7E8C421CBFFC7400EFE574 /* Base */,
			);
			name = LaunchScreen.storyboard;
			sourceTree = "<group>";
		};
/* End PBXVariantGroup section */

/* Begin XCBuildConfiguration section */
		1A7E8C451CBFFC7400EFE574 /* Debug */ = {
			isa = XCBuildConfiguration;
			buildSettings = {
				ALWAYS_SEARCH_USER_PATHS = NO;
				CLANG_ANALYZER_NONNULL = YES;
				CLANG_CXX_LANGUAGE_STANDARD = "gnu++0x";
				CLANG_CXX_LIBRARY = "libc++";
				CLANG_ENABLE_MODULES = YES;
				CLANG_ENABLE_OBJC_ARC = YES;
				CLANG_WARN_BLOCK_CAPTURE_AUTORELEASING = YES;
				CLANG_WARN_BOOL_CONVERSION = YES;
				CLANG_WARN_COMMA = YES;
				CLANG_WARN_CONSTANT_CONVERSION = YES;
				CLANG_WARN_DIRECT_OBJC_ISA_USAGE = YES_ERROR;
				CLANG_WARN_EMPTY_BODY = YES;
				CLANG_WARN_ENUM_CONVERSION = YES;
				CLANG_WARN_INFINITE_RECURSION = YES;
				CLANG_WARN_INT_CONVERSION = YES;
				CLANG_WARN_NON_LITERAL_NULL_CONVERSION = YES;
				CLANG_WARN_OBJC_LITERAL_CONVERSION = YES;
				CLANG_WARN_OBJC_ROOT_CLASS = YES_ERROR;
				CLANG_WARN_RANGE_LOOP_ANALYSIS = YES;
				CLANG_WARN_STRICT_PROTOTYPES = YES;
				CLANG_WARN_SUSPICIOUS_MOVE = YES;
				CLANG_WARN_UNREACHABLE_CODE = YES;
				CLANG_WARN__DUPLICATE_METHOD_MATCH = YES;
				"CODE_SIGN_IDENTITY[sdk=iphoneos*]" = "iPhone Developer";
				COPY_PHASE_STRIP = NO;
				DEBUG_INFORMATION_FORMAT = dwarf;
				ENABLE_STRICT_OBJC_MSGSEND = YES;
				ENABLE_TESTABILITY = YES;
				GCC_C_LANGUAGE_STANDARD = gnu99;
				GCC_DYNAMIC_NO_PIC = NO;
				GCC_NO_COMMON_BLOCKS = YES;
				GCC_OPTIMIZATION_LEVEL = 0;
				GCC_PREPROCESSOR_DEFINITIONS = (
					"DEBUG=1",
					"$(inherited)",
				);
				GCC_WARN_64_TO_32_BIT_CONVERSION = YES;
				GCC_WARN_ABOUT_RETURN_TYPE = YES_ERROR;
				GCC_WARN_UNDECLARED_SELECTOR = YES;
				GCC_WARN_UNINITIALIZED_AUTOS = YES_AGGRESSIVE;
				GCC_WARN_UNUSED_FUNCTION = YES;
				GCC_WARN_UNUSED_VARIABLE = YES;
				IPHONEOS_DEPLOYMENT_TARGET = 9.3;
				MTL_ENABLE_DEBUG_INFO = YES;
				ONLY_ACTIVE_ARCH = YES;
				SDKROOT = iphoneos;
				SWIFT_OPTIMIZATION_LEVEL = "-Onone";
				TARGETED_DEVICE_FAMILY = "1,2";
			};
			name = Debug;
		};
		1A7E8C461CBFFC7400EFE574 /* Release */ = {
			isa = XCBuildConfiguration;
			buildSettings = {
				ALWAYS_SEARCH_USER_PATHS = NO;
				CLANG_ANALYZER_NONNULL = YES;
				CLANG_CXX_LANGUAGE_STANDARD = "gnu++0x";
				CLANG_CXX_LIBRARY = "libc++";
				CLANG_ENABLE_MODULES = YES;
				CLANG_ENABLE_OBJC_ARC = YES;
				CLANG_WARN_BLOCK_CAPTURE_AUTORELEASING = YES;
				CLANG_WARN_BOOL_CONVERSION = YES;
				CLANG_WARN_COMMA = YES;
				CLANG_WARN_CONSTANT_CONVERSION = YES;
				CLANG_WARN_DIRECT_OBJC_ISA_USAGE = YES_ERROR;
				CLANG_WARN_EMPTY_BODY = YES;
				CLANG_WARN_ENUM_CONVERSION = YES;
				CLANG_WARN_INFINITE_RECURSION = YES;
				CLANG_WARN_INT_CONVERSION = YES;
				CLANG_WARN_NON_LITERAL_NULL_CONVERSION = YES;
				CLANG_WARN_OBJC_LITERAL_CONVERSION = YES;
				CLANG_WARN_OBJC_ROOT_CLASS = YES_ERROR;
				CLANG_WARN_RANGE_LOOP_ANALYSIS = YES;
				CLANG_WARN_STRICT_PROTOTYPES = YES;
				CLANG_WARN_SUSPICIOUS_MOVE = YES;
				CLANG_WARN_UNREACHABLE_CODE = YES;
				CLANG_WARN__DUPLICATE_METHOD_MATCH = YES;
				"CODE_SIGN_IDENTITY[sdk=iphoneos*]" = "iPhone Developer";
				COPY_PHASE_STRIP = NO;
				DEBUG_INFORMATION_FORMAT = "dwarf-with-dsym";
				ENABLE_NS_ASSERTIONS = NO;
				ENABLE_STRICT_OBJC_MSGSEND = YES;
				GCC_C_LANGUAGE_STANDARD = gnu99;
				GCC_NO_COMMON_BLOCKS = YES;
				GCC_WARN_64_TO_32_BIT_CONVERSION = YES;
				GCC_WARN_ABOUT_RETURN_TYPE = YES_ERROR;
				GCC_WARN_UNDECLARED_SELECTOR = YES;
				GCC_WARN_UNINITIALIZED_AUTOS = YES_AGGRESSIVE;
				GCC_WARN_UNUSED_FUNCTION = YES;
				GCC_WARN_UNUSED_VARIABLE = YES;
				IPHONEOS_DEPLOYMENT_TARGET = 9.3;
				MTL_ENABLE_DEBUG_INFO = NO;
				SDKROOT = iphoneos;
				SWIFT_OPTIMIZATION_LEVEL = "-Owholemodule";
				TARGETED_DEVICE_FAMILY = "1,2";
				VALIDATE_PRODUCT = YES;
			};
			name = Release;
		};
		1A7E8C481CBFFC7400EFE574 /* Debug */ = {
			isa = XCBuildConfiguration;
			buildSettings = {
				ASSETCATALOG_COMPILER_APPICON_NAME = AppIcon;
				CLANG_ENABLE_MODULES = YES;
				DEVELOPMENT_TEAM = 3V5265LQM9;
				FRAMEWORK_SEARCH_PATHS = (
					"$(inherited)",
					"$(PROJECT_DIR)/Carthage/Build/iOS",
				);
				INFOPLIST_FILE = StreamIt/Info.plist;
				IPHONEOS_DEPLOYMENT_TARGET = 9.0;
				LD_RUNPATH_SEARCH_PATHS = "$(inherited) @executable_path/Frameworks";
				PRODUCT_BUNDLE_IDENTIFIER = com.warpcore.StreamIt;
				PRODUCT_NAME = "$(TARGET_NAME)";
				SWIFT_OBJC_BRIDGING_HEADER = "StreamIt/StreamIt-Bridging-Header.h";
				SWIFT_OPTIMIZATION_LEVEL = "-Onone";
				SWIFT_VERSION = 4.0;
				TARGETED_DEVICE_FAMILY = "1,2";
			};
			name = Debug;
		};
		1A7E8C491CBFFC7400EFE574 /* Release */ = {
			isa = XCBuildConfiguration;
			buildSettings = {
				ASSETCATALOG_COMPILER_APPICON_NAME = AppIcon;
				CLANG_ENABLE_MODULES = YES;
				DEVELOPMENT_TEAM = 3V5265LQM9;
				FRAMEWORK_SEARCH_PATHS = (
					"$(inherited)",
					"$(PROJECT_DIR)/Carthage/Build/iOS",
				);
				INFOPLIST_FILE = StreamIt/Info.plist;
				IPHONEOS_DEPLOYMENT_TARGET = 9.0;
				LD_RUNPATH_SEARCH_PATHS = "$(inherited) @executable_path/Frameworks";
				PRODUCT_BUNDLE_IDENTIFIER = com.warpcore.StreamIt;
				PRODUCT_NAME = "$(TARGET_NAME)";
				SWIFT_OBJC_BRIDGING_HEADER = "StreamIt/StreamIt-Bridging-Header.h";
				SWIFT_VERSION = 4.0;
				TARGETED_DEVICE_FAMILY = "1,2";
			};
			name = Release;
		};
/* End XCBuildConfiguration section */

/* Begin XCConfigurationList section */
		1A7E8C301CBFFC7400EFE574 /* Build configuration list for PBXProject "StreamIt" */ = {
			isa = XCConfigurationList;
			buildConfigurations = (
				1A7E8C451CBFFC7400EFE574 /* Debug */,
				1A7E8C461CBFFC7400EFE574 /* Release */,
			);
			defaultConfigurationIsVisible = 0;
			defaultConfigurationName = Release;
		};
		1A7E8C471CBFFC7400EFE574 /* Build configuration list for PBXNativeTarget "StreamIt" */ = {
			isa = XCConfigurationList;
			buildConfigurations = (
				1A7E8C481CBFFC7400EFE574 /* Debug */,
				1A7E8C491CBFFC7400EFE574 /* Release */,
			);
			defaultConfigurationIsVisible = 0;
			defaultConfigurationName = Release;
		};
/* End XCConfigurationList section */
	};
	rootObject = 1A7E8C2D1CBFFC7400EFE574 /* Project object */;
}
